
Microsoft Visual Studio Solution File, Format Version 12.00
# Visual Studio Version 17
VisualStudioVersion = 17.5.33414.496
MinimumVisualStudioVersion = 10.0.40219.1
Project("{FAE04EC0-301F-11D3-BF4B-00C04F79EFBC}") = "Splav2", "Splav2\Splav2.csproj", "{F1E16702-DC52-4412-990B-75BEAA91B74D}"
	ProjectSection(ProjectDependencies) = postProject
		{4E53243C-E6CC-414C-943E-2DD4D5269C0E} = {4E53243C-E6CC-414C-943E-2DD4D5269C0E}
	EndProjectSection
EndProject
Project("{FAE04EC0-301F-11D3-BF4B-00C04F79EFBC}") = "MVVM", "MVVM\MVVM.csproj", "{4E53243C-E6CC-414C-943E-2DD4D5269C0E}"
EndProject
Global
	GlobalSection(SolutionConfigurationPlatforms) = preSolution
		Debug|Any CPU = Debug|Any CPU
		Release|Any CPU = Release|Any CPU
	EndGlobalSection
	GlobalSection(ProjectConfigurationPlatforms) = postSolution
		{F1E16702-DC52-4412-990B-75BEAA91B74D}.Debug|Any CPU.ActiveCfg = Debug|Any CPU
		{F1E16702-DC52-4412-990B-75BEAA91B74D}.Debug|Any CPU.Build.0 = Debug|Any CPU
		{F1E16702-DC52-4412-990B-75BEAA91B74D}.Release|Any CPU.ActiveCfg = Release|Any CPU
		{F1E16702-DC52-4412-990B-75BEAA91B74D}.Release|Any CPU.Build.0 = Release|Any CPU
		{4E53243C-E6CC-414C-943E-2DD4D5269C0E}.Debug|Any CPU.ActiveCfg = Debug|Any CPU
		{4E53243C-E6CC-414C-943E-2DD4D5269C0E}.Debug|Any CPU.Build.0 = Debug|Any CPU
		{4E53243C-E6CC-414C-943E-2DD4D5269C0E}.Release|Any CPU.ActiveCfg = Release|Any CPU
		{4E53243C-E6CC-414C-943E-2DD4D5269C0E}.Release|Any CPU.Build.0 = Release|Any CPU
	EndGlobalSection
	GlobalSection(SolutionProperties) = preSolution
		HideSolutionNode = FALSE
	EndGlobalSection
	GlobalSection(ExtensibilityGlobals) = postSolution
		SolutionGuid = {5D597630-AB56-48EF-A61A-197FF9E57077}
	EndGlobalSection
EndGlobal
